
Microsoft Visual Studio Solution File, Format Version 12.00
# Visual Studio Version 16
VisualStudioVersion = 16.0.30517.126
MinimumVisualStudioVersion = 10.0.40219.1
Project("{FAE04EC0-301F-11D3-BF4B-00C04F79EFBC}") = "OperatorExerciseConsole", "OperatorExerciseConsole\OperatorExerciseConsole.csproj", "{F6185A2E-AF03-4A02-B35B-5710FF0249DA}"
EndProject
Global
	GlobalSection(SolutionConfigurationPlatforms) = preSolution
		Debug|Any CPU = Debug|Any CPU
		Release|Any CPU = Release|Any CPU
	EndGlobalSection
	GlobalSection(ProjectConfigurationPlatforms) = postSolution
		{F6185A2E-AF03-4A02-B35B-5710FF0249DA}.Debug|Any CPU.ActiveCfg = Debug|Any CPU
		{F6185A2E-AF03-4A02-B35B-5710FF0249DA}.Debug|Any CPU.Build.0 = Debug|Any CPU
		{F6185A2E-AF03-4A02-B35B-5710FF0249DA}.Release|Any CPU.ActiveCfg = Release|Any CPU
		{F6185A2E-AF03-4A02-B35B-5710FF0249DA}.Release|Any CPU.Build.0 = Release|Any CPU
	EndGlobalSection
	GlobalSection(SolutionProperties) = preSolution
		HideSolutionNode = FALSE
	EndGlobalSection
	GlobalSection(ExtensibilityGlobals) = postSolution
		SolutionGuid = {F83C102F-4D27-42ED-9145-0C6CE77FA02F}
	EndGlobalSection
EndGlobal
